
Microsoft Visual Studio Solution File, Format Version 12.00
# Visual Studio Version 16
VisualStudioVersion = 16.0.31911.196
MinimumVisualStudioVersion = 10.0.40219.1
Project("{FAE04EC0-301F-11D3-BF4B-00C04F79EFBC}") = "ConsoleApp1", "ConsoleApp1.csproj", "{263198D1-890B-44A8-B172-1B22EEDD3CF6}"
EndProject
Global
	GlobalSection(SolutionConfigurationPlatforms) = preSolution
		Debug|Any CPU = Debug|Any CPU
		Release|Any CPU = Release|Any CPU
	EndGlobalSection
	GlobalSection(ProjectConfigurationPlatforms) = postSolution
		{263198D1-890B-44A8-B172-1B22EEDD3CF6}.Debug|Any CPU.ActiveCfg = Debug|Any CPU
		{263198D1-890B-44A8-B172-1B22EEDD3CF6}.Debug|Any CPU.Build.0 = Debug|Any CPU
		{263198D1-890B-44A8-B172-1B22EEDD3CF6}.Release|Any CPU.ActiveCfg = Release|Any CPU
		{263198D1-890B-44A8-B172-1B22EEDD3CF6}.Release|Any CPU.Build.0 = Release|Any CPU
	EndGlobalSection
	GlobalSection(SolutionProperties) = preSolution
		HideSolutionNode = FALSE
	EndGlobalSection
	GlobalSection(ExtensibilityGlobals) = postSolution
		SolutionGuid = {F9B4A153-A394-4360-A2F8-B1BDB094D08D}
	EndGlobalSection
EndGlobal
