
Microsoft Visual Studio Solution File, Format Version 12.00
# Visual Studio Version 16
VisualStudioVersion = 16.0.31911.196
MinimumVisualStudioVersion = 10.0.40219.1
Project("{FAE04EC0-301F-11D3-BF4B-00C04F79EFBC}") = "ConsoleApp1", "ConsoleApp1.csproj", "{6A895F1F-6A12-493E-A34D-8D0A748DDB30}"
EndProject
Global
	GlobalSection(SolutionConfigurationPlatforms) = preSolution
		Debug|Any CPU = Debug|Any CPU
		Release|Any CPU = Release|Any CPU
	EndGlobalSection
	GlobalSection(ProjectConfigurationPlatforms) = postSolution
		{6A895F1F-6A12-493E-A34D-8D0A748DDB30}.Debug|Any CPU.ActiveCfg = Debug|Any CPU
		{6A895F1F-6A12-493E-A34D-8D0A748DDB30}.Debug|Any CPU.Build.0 = Debug|Any CPU
		{6A895F1F-6A12-493E-A34D-8D0A748DDB30}.Release|Any CPU.ActiveCfg = Release|Any CPU
		{6A895F1F-6A12-493E-A34D-8D0A748DDB30}.Release|Any CPU.Build.0 = Release|Any CPU
	EndGlobalSection
	GlobalSection(SolutionProperties) = preSolution
		HideSolutionNode = FALSE
	EndGlobalSection
	GlobalSection(ExtensibilityGlobals) = postSolution
		SolutionGuid = {381D5D62-95B6-48BB-B7FF-A39A8637C660}
	EndGlobalSection
EndGlobal
