
Microsoft Visual Studio Solution File, Format Version 12.00
# Visual Studio Version 16
VisualStudioVersion = 16.0.31911.196
MinimumVisualStudioVersion = 10.0.40219.1
Project("{FAE04EC0-301F-11D3-BF4B-00C04F79EFBC}") = "ConsoleApp1", "ConsoleApp1.csproj", "{1FAA467D-0DC6-4120-8815-37D69BA3AD81}"
EndProject
Global
	GlobalSection(SolutionConfigurationPlatforms) = preSolution
		Debug|Any CPU = Debug|Any CPU
		Release|Any CPU = Release|Any CPU
	EndGlobalSection
	GlobalSection(ProjectConfigurationPlatforms) = postSolution
		{1FAA467D-0DC6-4120-8815-37D69BA3AD81}.Debug|Any CPU.ActiveCfg = Debug|Any CPU
		{1FAA467D-0DC6-4120-8815-37D69BA3AD81}.Debug|Any CPU.Build.0 = Debug|Any CPU
		{1FAA467D-0DC6-4120-8815-37D69BA3AD81}.Release|Any CPU.ActiveCfg = Release|Any CPU
		{1FAA467D-0DC6-4120-8815-37D69BA3AD81}.Release|Any CPU.Build.0 = Release|Any CPU
	EndGlobalSection
	GlobalSection(SolutionProperties) = preSolution
		HideSolutionNode = FALSE
	EndGlobalSection
	GlobalSection(ExtensibilityGlobals) = postSolution
		SolutionGuid = {5A49FD1B-69F8-4707-B4E0-AA60F241130B}
	EndGlobalSection
EndGlobal
